github.com/ernestrc/go-multierror v1.1.2 h1:9EYH71nYIsHEC9DSTtsT9GypDxmHAQ2gcOY6BMnXot8=
github.com/ernestrc/go-multierror v1.1.2/go.mod h1:DUlo5/81Y4/bn7/eCKZJaVXlDRc+RQmJnLw3tjg95Do=
github.com/hashicorp/errwrap v1.0.0 h1:hLrqtEDnRye3+sgx6z4qVLNuviH3MR5aQ0ykNJa/UYA=
github.com/hashicorp/errwrap v1.0.0/go.mod h1:YH+1FKiLXxHSkmPseP+kNlulaMuP3n2brvKWEqk/Jc4=
